
Microsoft Visual Studio Solution File, Format Version 12.00
# Visual Studio 15
VisualStudioVersion = 15.0.28307.1300
MinimumVisualStudioVersion = 10.0.40219.1
Project("{FAE04EC0-301F-11D3-BF4B-00C04F79EFBC}") = "Lattice", "Lattice\Lattice.csproj", "{671E736A-433B-45E9-8463-36CDD0200022}"
EndProject
Global
	GlobalSection(SolutionConfigurationPlatforms) = preSolution
		Debug|Any CPU = Debug|Any CPU
		Release|Any CPU = Release|Any CPU
	EndGlobalSection
	GlobalSection(ProjectConfigurationPlatforms) = postSolution
		{671E736A-433B-45E9-8463-36CDD0200022}.Debug|Any CPU.ActiveCfg = Debug|Any CPU
		{671E736A-433B-45E9-8463-36CDD0200022}.Debug|Any CPU.Build.0 = Debug|Any CPU
		{671E736A-433B-45E9-8463-36CDD0200022}.Release|Any CPU.ActiveCfg = Release|Any CPU
		{671E736A-433B-45E9-8463-36CDD0200022}.Release|Any CPU.Build.0 = Release|Any CPU
	EndGlobalSection
	GlobalSection(SolutionProperties) = preSolution
		HideSolutionNode = FALSE
	EndGlobalSection
	GlobalSection(ExtensibilityGlobals) = postSolution
		SolutionGuid = {62E6A918-0AFE-40AE-8D96-8782E9F43626}
	EndGlobalSection
EndGlobal
